
Microsoft Visual Studio Solution File, Format Version 12.00
# Visual Studio Version 16
VisualStudioVersion = 16.0.29215.179
MinimumVisualStudioVersion = 10.0.40219.1
Project("{9A19103F-16F7-4668-BE54-9A1E7A4F7556}") = "Poltorachka.Domain", "Poltorachka.Domain\Poltorachka.Domain.csproj", "{7B770BDA-E605-4ECD-B100-AB7C0F486207}"
EndProject
Project("{9A19103F-16F7-4668-BE54-9A1E7A4F7556}") = "Poltorachka.DataAccess", "Poltorachka.DataAccess\Poltorachka.DataAccess.csproj", "{6FE06370-C140-4311-8AA6-75B908CA57B3}"
EndProject
Project("{FAE04EC0-301F-11D3-BF4B-00C04F79EFBC}") = "Poltorachka.Api", "Poltorachka.Api\Poltorachka.Api.csproj", "{AA7686D1-2530-46E6-A6A5-E9370602DC99}"
EndProject
Global
	GlobalSection(SolutionConfigurationPlatforms) = preSolution
		Debug|Any CPU = Debug|Any CPU
		Release|Any CPU = Release|Any CPU
	EndGlobalSection
	GlobalSection(ProjectConfigurationPlatforms) = postSolution
		{7B770BDA-E605-4ECD-B100-AB7C0F486207}.Debug|Any CPU.ActiveCfg = Debug|Any CPU
		{7B770BDA-E605-4ECD-B100-AB7C0F486207}.Debug|Any CPU.Build.0 = Debug|Any CPU
		{7B770BDA-E605-4ECD-B100-AB7C0F486207}.Release|Any CPU.ActiveCfg = Release|Any CPU
		{7B770BDA-E605-4ECD-B100-AB7C0F486207}.Release|Any CPU.Build.0 = Release|Any CPU
		{6FE06370-C140-4311-8AA6-75B908CA57B3}.Debug|Any CPU.ActiveCfg = Debug|Any CPU
		{6FE06370-C140-4311-8AA6-75B908CA57B3}.Debug|Any CPU.Build.0 = Debug|Any CPU
		{6FE06370-C140-4311-8AA6-75B908CA57B3}.Release|Any CPU.ActiveCfg = Release|Any CPU
		{6FE06370-C140-4311-8AA6-75B908CA57B3}.Release|Any CPU.Build.0 = Release|Any CPU
		{AA7686D1-2530-46E6-A6A5-E9370602DC99}.Debug|Any CPU.ActiveCfg = Debug|Any CPU
		{AA7686D1-2530-46E6-A6A5-E9370602DC99}.Debug|Any CPU.Build.0 = Debug|Any CPU
		{AA7686D1-2530-46E6-A6A5-E9370602DC99}.Release|Any CPU.ActiveCfg = Release|Any CPU
		{AA7686D1-2530-46E6-A6A5-E9370602DC99}.Release|Any CPU.Build.0 = Release|Any CPU
	EndGlobalSection
	GlobalSection(SolutionProperties) = preSolution
		HideSolutionNode = FALSE
	EndGlobalSection
	GlobalSection(ExtensibilityGlobals) = postSolution
		SolutionGuid = {525F855E-CCF4-4DC3-B4D5-202D31EE8109}
	EndGlobalSection
EndGlobal
