
Microsoft Visual Studio Solution File, Format Version 12.00
# Visual Studio 15
VisualStudioVersion = 15.0.26730.10
MinimumVisualStudioVersion = 10.0.40219.1
Project("{9A19103F-16F7-4668-BE54-9A1E7A4F7556}") = "Poltorachka", "Poltorachka\Poltorachka.csproj", "{73FC74F6-761C-4111-A7FE-7985CAACE8D2}"
EndProject
Project("{9A19103F-16F7-4668-BE54-9A1E7A4F7556}") = "Poltorachka.Domain", "Poltorachka.Domain\Poltorachka.Domain.csproj", "{7B770BDA-E605-4ECD-B100-AB7C0F486207}"
EndProject
Project("{9A19103F-16F7-4668-BE54-9A1E7A4F7556}") = "Poltorachka.DataAccess", "Poltorachka.DataAccess\Poltorachka.DataAccess.csproj", "{6FE06370-C140-4311-8AA6-75B908CA57B3}"
EndProject
Project("{9A19103F-16F7-4668-BE54-9A1E7A4F7556}") = "Poltorachka.IdentityServer", "Poltorachka.IdentityServer\Poltorachka.IdentityServer.csproj", "{4F5F838B-C93F-498E-8F12-876D81CCF688}"
EndProject
Global
	GlobalSection(SolutionConfigurationPlatforms) = preSolution
		Debug|Any CPU = Debug|Any CPU
		Release|Any CPU = Release|Any CPU
	EndGlobalSection
	GlobalSection(ProjectConfigurationPlatforms) = postSolution
		{73FC74F6-761C-4111-A7FE-7985CAACE8D2}.Debug|Any CPU.ActiveCfg = Debug|Any CPU
		{73FC74F6-761C-4111-A7FE-7985CAACE8D2}.Debug|Any CPU.Build.0 = Debug|Any CPU
		{73FC74F6-761C-4111-A7FE-7985CAACE8D2}.Release|Any CPU.ActiveCfg = Release|Any CPU
		{73FC74F6-761C-4111-A7FE-7985CAACE8D2}.Release|Any CPU.Build.0 = Release|Any CPU
		{7B770BDA-E605-4ECD-B100-AB7C0F486207}.Debug|Any CPU.ActiveCfg = Debug|Any CPU
		{7B770BDA-E605-4ECD-B100-AB7C0F486207}.Debug|Any CPU.Build.0 = Debug|Any CPU
		{7B770BDA-E605-4ECD-B100-AB7C0F486207}.Release|Any CPU.ActiveCfg = Release|Any CPU
		{7B770BDA-E605-4ECD-B100-AB7C0F486207}.Release|Any CPU.Build.0 = Release|Any CPU
		{6FE06370-C140-4311-8AA6-75B908CA57B3}.Debug|Any CPU.ActiveCfg = Debug|Any CPU
		{6FE06370-C140-4311-8AA6-75B908CA57B3}.Debug|Any CPU.Build.0 = Debug|Any CPU
		{6FE06370-C140-4311-8AA6-75B908CA57B3}.Release|Any CPU.ActiveCfg = Release|Any CPU
		{6FE06370-C140-4311-8AA6-75B908CA57B3}.Release|Any CPU.Build.0 = Release|Any CPU
		{4F5F838B-C93F-498E-8F12-876D81CCF688}.Debug|Any CPU.ActiveCfg = Debug|Any CPU
		{4F5F838B-C93F-498E-8F12-876D81CCF688}.Debug|Any CPU.Build.0 = Debug|Any CPU
		{4F5F838B-C93F-498E-8F12-876D81CCF688}.Release|Any CPU.ActiveCfg = Release|Any CPU
		{4F5F838B-C93F-498E-8F12-876D81CCF688}.Release|Any CPU.Build.0 = Release|Any CPU
	EndGlobalSection
	GlobalSection(SolutionProperties) = preSolution
		HideSolutionNode = FALSE
	EndGlobalSection
	GlobalSection(ExtensibilityGlobals) = postSolution
		SolutionGuid = {525F855E-CCF4-4DC3-B4D5-202D31EE8109}
	EndGlobalSection
EndGlobal
